7321bb4083078e849ffb45c2000ce72f5e26410493fe78f4b821474a474af1d1  lib/libro.cyr
f6c9e71c96b763fdd35ba79042eb51978b7e1290328b8bba27068184845e497a  lib/majra.cyr
7276a9f831459d6b1423e18100df1ce09c91c323d285328cf7c2c9fe6b6dd5a3  lib/sigil.cyr
229c3317be01eea203024b63f5a3b6752ca2a16ff3a8ce1a3d2d9b2856eb87c2  lib/patra.cyr
eb7208509da48ec08674fa812df205ba2ec12f3a4ef54b3a6c3ec4ba295d1139  lib/agnosys.cyr
c495cb755565754f1b916466336eb577b99b1d12e02d3460a911c812418e4fd5  lib/sakshi.cyr
